
Microsoft Visual Studio Solution File, Format Version 12.00
# Visual Studio Version 17
VisualStudioVersion = 17.7.34024.191
MinimumVisualStudioVersion = 10.0.40219.1
Project("{FAE04EC0-301F-11D3-BF4B-00C04F79EFBC}") = "Praktika_monsters", "Praktika_monsters\Praktika_monsters.csproj", "{F998A4AA-606C-4FC8-A7DA-010E5A951B4F}"
EndProject
Global
	GlobalSection(SolutionConfigurationPlatforms) = preSolution
		Debug|Any CPU = Debug|Any CPU
		Release|Any CPU = Release|Any CPU
	EndGlobalSection
	GlobalSection(ProjectConfigurationPlatforms) = postSolution
		{F998A4AA-606C-4FC8-A7DA-010E5A951B4F}.Debug|Any CPU.ActiveCfg = Debug|Any CPU
		{F998A4AA-606C-4FC8-A7DA-010E5A951B4F}.Debug|Any CPU.Build.0 = Debug|Any CPU
		{F998A4AA-606C-4FC8-A7DA-010E5A951B4F}.Release|Any CPU.ActiveCfg = Release|Any CPU
		{F998A4AA-606C-4FC8-A7DA-010E5A951B4F}.Release|Any CPU.Build.0 = Release|Any CPU
	EndGlobalSection
	GlobalSection(SolutionProperties) = preSolution
		HideSolutionNode = FALSE
	EndGlobalSection
	GlobalSection(ExtensibilityGlobals) = postSolution
		SolutionGuid = {8667BA8F-73D5-49EA-BAEC-0E8F7A025E71}
	EndGlobalSection
EndGlobal
